
Microsoft Visual Studio Solution File, Format Version 12.00
# Visual Studio Version 17
VisualStudioVersion = 17.9.34723.18
MinimumVisualStudioVersion = 10.0.40219.1
Project("{FAE04EC0-301F-11D3-BF4B-00C04F79EFBC}") = "WinFormsApp1", "WinFormsApp1\WinFormsApp1.csproj", "{C01F1487-269E-4EEB-9EC0-5770A75D978A}"
EndProject
Global
	GlobalSection(SolutionConfigurationPlatforms) = preSolution
		Debug|Any CPU = Debug|Any CPU
		Release|Any CPU = Release|Any CPU
	EndGlobalSection
	GlobalSection(ProjectConfigurationPlatforms) = postSolution
		{C01F1487-269E-4EEB-9EC0-5770A75D978A}.Debug|Any CPU.ActiveCfg = Debug|Any CPU
		{C01F1487-269E-4EEB-9EC0-5770A75D978A}.Debug|Any CPU.Build.0 = Debug|Any CPU
		{C01F1487-269E-4EEB-9EC0-5770A75D978A}.Release|Any CPU.ActiveCfg = Release|Any CPU
		{C01F1487-269E-4EEB-9EC0-5770A75D978A}.Release|Any CPU.Build.0 = Release|Any CPU
	EndGlobalSection
	GlobalSection(SolutionProperties) = preSolution
		HideSolutionNode = FALSE
	EndGlobalSection
	GlobalSection(ExtensibilityGlobals) = postSolution
		SolutionGuid = {34DF0258-8999-4D06-8D24-7833273AFF38}
	EndGlobalSection
EndGlobal
